
Microsoft Visual Studio Solution File, Format Version 12.00
# Visual Studio Version 16
VisualStudioVersion = 16.0.29519.181
MinimumVisualStudioVersion = 10.0.40219.1
Project("{FAE04EC0-301F-11D3-BF4B-00C04F79EFBC}") = "APP2", "APP2\APP2.csproj", "{120020EE-C62D-40D1-97DE-4592DC44A3AE}"
EndProject
Global
	GlobalSection(SolutionConfigurationPlatforms) = preSolution
		Debug|Any CPU = Debug|Any CPU
		Release|Any CPU = Release|Any CPU
	EndGlobalSection
	GlobalSection(ProjectConfigurationPlatforms) = postSolution
		{120020EE-C62D-40D1-97DE-4592DC44A3AE}.Debug|Any CPU.ActiveCfg = Debug|Any CPU
		{120020EE-C62D-40D1-97DE-4592DC44A3AE}.Debug|Any CPU.Build.0 = Debug|Any CPU
		{120020EE-C62D-40D1-97DE-4592DC44A3AE}.Release|Any CPU.ActiveCfg = Release|Any CPU
		{120020EE-C62D-40D1-97DE-4592DC44A3AE}.Release|Any CPU.Build.0 = Release|Any CPU
	EndGlobalSection
	GlobalSection(SolutionProperties) = preSolution
		HideSolutionNode = FALSE
	EndGlobalSection
	GlobalSection(ExtensibilityGlobals) = postSolution
		SolutionGuid = {B63DF97E-7544-432F-9710-BC60A74A0E29}
	EndGlobalSection
EndGlobal
